Microsoft Visual Studio Solution File, Format Version 12.00
# Visual Studio Version 17
VisualStudioVersion = 17.5.2.0
MinimumVisualStudioVersion = 10.0.40219.1
Project("{FAE04EC0-301F-11D3-BF4B-00C04F79EFBC}") = "backend_VitrineMotors1", "backend_VitrineMotors1.csproj", "{1F4AC8A4-6ED4-2853-1094-65C20A66FC2A}"
EndProject
Global
	GlobalSection(SolutionConfigurationPlatforms) = preSolution
		Debug|Any CPU = Debug|Any CPU
		Release|Any CPU = Release|Any CPU
	EndGlobalSection
	GlobalSection(ProjectConfigurationPlatforms) = postSolution
		{1F4AC8A4-6ED4-2853-1094-65C20A66FC2A}.Debug|Any CPU.ActiveCfg = Debug|Any CPU
		{1F4AC8A4-6ED4-2853-1094-65C20A66FC2A}.Debug|Any CPU.Build.0 = Debug|Any CPU
		{1F4AC8A4-6ED4-2853-1094-65C20A66FC2A}.Release|Any CPU.ActiveCfg = Release|Any CPU
		{1F4AC8A4-6ED4-2853-1094-65C20A66FC2A}.Release|Any CPU.Build.0 = Release|Any CPU
	EndGlobalSection
	GlobalSection(SolutionProperties) = preSolution
		HideSolutionNode = FALSE
	EndGlobalSection
	GlobalSection(ExtensibilityGlobals) = postSolution
		SolutionGuid = {B095C048-8384-44BC-B917-47616605DBB3}
	EndGlobalSection
EndGlobal
